
Microsoft Visual Studio Solution File, Format Version 12.00
# Visual Studio Version 17
VisualStudioVersion = 17.11.35312.102
MinimumVisualStudioVersion = 10.0.40219.1
Project("{FAE04EC0-301F-11D3-BF4B-00C04F79EFBC}") = "Caro", "Caro.csproj", "{EEACBB7A-D2A3-4388-B161-0890FE3D3F39}"
EndProject
Global
	GlobalSection(SolutionConfigurationPlatforms) = preSolution
		Debug|Any CPU = Debug|Any CPU
		Release|Any CPU = Release|Any CPU
	EndGlobalSection
	GlobalSection(ProjectConfigurationPlatforms) = postSolution
		{EEACBB7A-D2A3-4388-B161-0890FE3D3F39}.Debug|Any CPU.ActiveCfg = Debug|Any CPU
		{EEACBB7A-D2A3-4388-B161-0890FE3D3F39}.Debug|Any CPU.Build.0 = Debug|Any CPU
		{EEACBB7A-D2A3-4388-B161-0890FE3D3F39}.Release|Any CPU.ActiveCfg = Release|Any CPU
		{EEACBB7A-D2A3-4388-B161-0890FE3D3F39}.Release|Any CPU.Build.0 = Release|Any CPU
	EndGlobalSection
	GlobalSection(SolutionProperties) = preSolution
		HideSolutionNode = FALSE
	EndGlobalSection
	GlobalSection(ExtensibilityGlobals) = postSolution
		SolutionGuid = {3D8E9330-4DCF-4FFF-8366-3A852A60D53F}
	EndGlobalSection
EndGlobal
